
Microsoft Visual Studio Solution File, Format Version 12.00
# Visual Studio Version 17
VisualStudioVersion = 17.2.32630.192
MinimumVisualStudioVersion = 10.0.40219.1
Project("{FAE04EC0-301F-11D3-BF4B-00C04F79EFBC}") = "testingtask4", "testingtask4\testingtask4.csproj", "{F60750A9-2B7B-4B1C-9969-AE34C2912C8E}"
EndProject
Global
	GlobalSection(SolutionConfigurationPlatforms) = preSolution
		Debug|Any CPU = Debug|Any CPU
		Release|Any CPU = Release|Any CPU
	EndGlobalSection
	GlobalSection(ProjectConfigurationPlatforms) = postSolution
		{F60750A9-2B7B-4B1C-9969-AE34C2912C8E}.Debug|Any CPU.ActiveCfg = Debug|Any CPU
		{F60750A9-2B7B-4B1C-9969-AE34C2912C8E}.Debug|Any CPU.Build.0 = Debug|Any CPU
		{F60750A9-2B7B-4B1C-9969-AE34C2912C8E}.Release|Any CPU.ActiveCfg = Release|Any CPU
		{F60750A9-2B7B-4B1C-9969-AE34C2912C8E}.Release|Any CPU.Build.0 = Release|Any CPU
	EndGlobalSection
	GlobalSection(SolutionProperties) = preSolution
		HideSolutionNode = FALSE
	EndGlobalSection
	GlobalSection(ExtensibilityGlobals) = postSolution
		SolutionGuid = {32C98A57-95B0-4366-8B88-93785E25B6F1}
	EndGlobalSection
EndGlobal
